github.com/Microsoft/cognitive-services-speech-sdk-go v1.29.0 h1:jCIi8rgIQjDAMfJfTWehwIOow0sO/AUj+T7pyvGhuUw=
github.com/Microsoft/cognitive-services-speech-sdk-go v1.29.0/go.mod h1:ct4bG95K1Lu/c5y60PVGI1XOjo9aAcl80DD5dvu6zsg=
github.com/go-telegram-bot-api/telegram-bot-api/v5 v5.5.1 h1:wG8n/XJQ07TmjbITcGiUaOtXxdrINDz1b0J1w0SzqDc=
github.com/go-telegram-bot-api/telegram-bot-api/v5 v5.5.1/go.mod h1:A2S0CWkNylc2phvKXWBBdD3K0iGnDBGbzRpISP2zBl8=
github.com/google/uuid v1.3.0 h1:t6JiXgmwXMjEs8VusXIJk2BXHsn+wx8BZdTaoZ5fu7I=
github.com/google/uuid v1.3.0/go.mod h1:TIyPZe4MgqvfeYDBFedMoGGpEw/LqOeaOT+nhxU+yHo=
